PODS:
  - LCRExtensionSwift (0.1.0)

DEPENDENCIES:
  - LCRExtensionSwift (from `../`)

EXTERNAL SOURCES:
  LCRExtensionSwift:
    :path: "../"

SPEC CHECKSUMS:
  LCRExtensionSwift: 77eb87787392e2bc0fb58177775c342d34a2327a

PODFILE CHECKSUM: 875f69a884ebe7210a32a3db027532fbb59d6e4e

COCOAPODS: 1.9.2
