PODS:
  - LCRExtensionSwift (0.1.1)

DEPENDENCIES:
  - LCRExtensionSwift (from `../`)

EXTERNAL SOURCES:
  LCRExtensionSwift:
    :path: "../"

SPEC CHECKSUMS:
  LCRExtensionSwift: b573fdd452fe0c98e403497ff471609c8a7e450b

PODFILE CHECKSUM: 875f69a884ebe7210a32a3db027532fbb59d6e4e

COCOAPODS: 1.9.2
